
Microsoft Visual Studio Solution File, Format Version 12.00
# Visual Studio Version 17
VisualStudioVersion = 17.8.34330.188
MinimumVisualStudioVersion = 10.0.40219.1
Project("{FAE04EC0-301F-11D3-BF4B-00C04F79EFBC}") = "CopilotBuilder", "CopilotBuilder\CopilotBuilder.csproj", "{3A63594B-16DA-4EDD-93C5-A38D01ABDB10}"
EndProject
Project("{FAE04EC0-301F-11D3-BF4B-00C04F79EFBC}") = "ConsoleApp1", "ConsoleApp1\ConsoleApp1.csproj", "{66177631-F5CD-46A0-88D7-D98DCF7ADA7A}"
EndProject
Global
	GlobalSection(SolutionConfigurationPlatforms) = preSolution
		Debug|Any CPU = Debug|Any CPU
		Release|Any CPU = Release|Any CPU
	EndGlobalSection
	GlobalSection(ProjectConfigurationPlatforms) = postSolution
		{3A63594B-16DA-4EDD-93C5-A38D01ABDB10}.Debug|Any CPU.ActiveCfg = Debug|Any CPU
		{3A63594B-16DA-4EDD-93C5-A38D01ABDB10}.Debug|Any CPU.Build.0 = Debug|Any CPU
		{3A63594B-16DA-4EDD-93C5-A38D01ABDB10}.Release|Any CPU.ActiveCfg = Release|Any CPU
		{3A63594B-16DA-4EDD-93C5-A38D01ABDB10}.Release|Any CPU.Build.0 = Release|Any CPU
		{66177631-F5CD-46A0-88D7-D98DCF7ADA7A}.Debug|Any CPU.ActiveCfg = Debug|Any CPU
		{66177631-F5CD-46A0-88D7-D98DCF7ADA7A}.Debug|Any CPU.Build.0 = Debug|Any CPU
		{66177631-F5CD-46A0-88D7-D98DCF7ADA7A}.Release|Any CPU.ActiveCfg = Release|Any CPU
		{66177631-F5CD-46A0-88D7-D98DCF7ADA7A}.Release|Any CPU.Build.0 = Release|Any CPU
	EndGlobalSection
	GlobalSection(SolutionProperties) = preSolution
		HideSolutionNode = FALSE
	EndGlobalSection
	GlobalSection(ExtensibilityGlobals) = postSolution
		SolutionGuid = {8A955267-511B-4885-AD4D-073778DBC181}
	EndGlobalSection
EndGlobal
